
Microsoft Visual Studio Solution File, Format Version 12.00
# Visual Studio Version 17
VisualStudioVersion = 17.13.35806.99 d17.13
MinimumVisualStudioVersion = 10.0.40219.1
Project("{FAE04EC0-301F-11D3-BF4B-00C04F79EFBC}") = "ChatExample", "ChatExample.csproj", "{697DB959-EF7C-4579-974D-8D9BBF89E038}"
EndProject
Global
	GlobalSection(SolutionConfigurationPlatforms) = preSolution
		Debug|Any CPU = Debug|Any CPU
		Release|Any CPU = Release|Any CPU
	EndGlobalSection
	GlobalSection(ProjectConfigurationPlatforms) = postSolution
		{697DB959-EF7C-4579-974D-8D9BBF89E038}.Debug|Any CPU.ActiveCfg = Debug|Any CPU
		{697DB959-EF7C-4579-974D-8D9BBF89E038}.Debug|Any CPU.Build.0 = Debug|Any CPU
		{697DB959-EF7C-4579-974D-8D9BBF89E038}.Release|Any CPU.ActiveCfg = Release|Any CPU
		{697DB959-EF7C-4579-974D-8D9BBF89E038}.Release|Any CPU.Build.0 = Release|Any CPU
	EndGlobalSection
	GlobalSection(SolutionProperties) = preSolution
		HideSolutionNode = FALSE
	EndGlobalSection
	GlobalSection(ExtensibilityGlobals) = postSolution
		SolutionGuid = {A5FEE18E-318F-4C8D-AB2F-7E340F03E978}
	EndGlobalSection
EndGlobal
